// !$*UTF8*$!
{
	archiveVersion = 1;
	classes = {
	};
	objectVersion = 46;
	objects = {

/* Begin PBXBuildFile section */
		DA5754F5169C4E2A00B4241E /* RSRTVArrayController.m in Sources */ = {isa = PBXBuildFile; fileRef = DA5754F4169C4BFF00B4241E /* RSRTVArrayController.m */; };
		DA5754FC169C897000B4241E /* LPEasyScrobble.m in Sources */ = {isa = PBXBuildFile; fileRef = DA5754FB169C897000B4241E /* LPEasyScrobble.m */; };
		DA6A9F1B168662BC00A250ED /* Cocoa.framework in Frameworks */ = {isa = PBXBuildFile; fileRef = DA6A9F1A168662BC00A250ED /* Cocoa.framework */; };
		DA6A9F25168662BC00A250ED /* InfoPlist.strings in Resources */ = {isa = PBXBuildFile; fileRef = DA6A9F23168662BC00A250ED /* InfoPlist.strings */; };
		DA6A9F27168662BC00A250ED /* main.m in Sources */ = {isa = PBXBuildFile; fileRef = DA6A9F26168662BC00A250ED /* main.m */; };
		DA6A9F2B168662BC00A250ED /* Credits.rtf in Resources */ = {isa = PBXBuildFile; fileRef = DA6A9F29168662BC00A250ED /* Credits.rtf */; };
		DA6A9F2E168662BC00A250ED /* DNAppDelegate.m in Sources */ = {isa = PBXBuildFile; fileRef = DA6A9F2D168662BC00A250ED /* DNAppDelegate.m */; };
		DA6A9F31168662BD00A250ED /* MainMenu.xib in Resources */ = {isa = PBXBuildFile; fileRef = DA6A9F2F168662BD00A250ED /* MainMenu.xib */; };
		DA6A9F34168662BD00A250ED /* Spotiqueue.xcdatamodeld in Sources */ = {isa = PBXBuildFile; fileRef = DA6A9F32168662BD00A250ED /* Spotiqueue.xcdatamodeld */; };
		DA6A9F56168667DC00A250ED /* AudioUnit.framework in Frameworks */ = {isa = PBXBuildFile; fileRef = DA6A9F54168667DC00A250ED /* AudioUnit.framework */; };
		DA6A9F57168667DC00A250ED /* CoreAudio.framework in Frameworks */ = {isa = PBXBuildFile; fileRef = DA6A9F55168667DC00A250ED /* CoreAudio.framework */; };
		DA97043B1700580B0068C541 /* Growl.framework in Frameworks */ = {isa = PBXBuildFile; fileRef = DA97043A1700580B0068C541 /* Growl.framework */; };
		DA97043C1700581B0068C541 /* Growl.framework in CopyFiles */ = {isa = PBXBuildFile; fileRef = DA97043A1700580B0068C541 /* Growl.framework */; };
		DA97044017005A730068C541 /* Growl Registration Ticket.growlRegDict in Resources */ = {isa = PBXBuildFile; fileRef = DA97043F17005A730068C541 /* Growl Registration Ticket.growlRegDict */; };
		DA9704461700BC7A0068C541 /* DNDurationTransformer.m in Sources */ = {isa = PBXBuildFile; fileRef = DA9704451700BC7A0068C541 /* DNDurationTransformer.m */; };
		DAA78C71168B5227000C8692 /* AppKit.framework in Frameworks */ = {isa = PBXBuildFile; fileRef = DA6A9F1D168662BC00A250ED /* AppKit.framework */; };
		DAA78C73168B5229000C8692 /* CoreData.framework in Frameworks */ = {isa = PBXBuildFile; fileRef = DA6A9F1E168662BC00A250ED /* CoreData.framework */; };
		DAA78C74168B522A000C8692 /* Foundation.framework in Frameworks */ = {isa = PBXBuildFile; fileRef = DA6A9F1F168662BC00A250ED /* Foundation.framework */; };
		DAA78C85168B6CDE000C8692 /* DNTrackTable.m in Sources */ = {isa = PBXBuildFile; fileRef = DAA78C84168B6CDE000C8692 /* DNTrackTable.m */; };
		DAA78C8916919C59000C8692 /* Security.framework in Frameworks */ = {isa = PBXBuildFile; fileRef = DAA78C8816919C59000C8692 /* Security.framework */; };
		DAA78C8F16919E63000C8692 /* SSKeychain.m in Sources */ = {isa = PBXBuildFile; fileRef = DAA78C8E16919E63000C8692 /* SSKeychain.m */; };
		DABF28F2169D8DB100003A11 /* Spotiqueue.iconset in Resources */ = {isa = PBXBuildFile; fileRef = DAFDC61C169D8C4100A553E6 /* Spotiqueue.iconset */; };
		DAC4376E16B055B9001E94B4 /* DNApplication.m in Sources */ = {isa = PBXBuildFile; fileRef = DAC4376D16B055B9001E94B4 /* DNApplication.m */; };
		DAD06C3B16E7744300B943CB /* dsa_pub.pem in Resources */ = {isa = PBXBuildFile; fileRef = DAD06C3A16E7744300B943CB /* dsa_pub.pem */; };
		DAD06C3F16E77CE000B943CB /* Sparkle.framework in Frameworks */ = {isa = PBXBuildFile; fileRef = DAD06C3E16E77CE000B943CB /* Sparkle.framework */; };
		DAD06C4016E77CE700B943CB /* Sparkle.framework in CopyFiles */ = {isa = PBXBuildFile; fileRef = DAD06C3E16E77CE000B943CB /* Sparkle.framework */; };
		DAE322DD1704AB4600C55E04 /* CocoaLibSpotify.framework in Frameworks */ = {isa = PBXBuildFile; fileRef = DAE322DA1704AB2A00C55E04 /* CocoaLibSpotify.framework */; };
		DAE322DE1704AB4E00C55E04 /* CocoaLibSpotify.framework in CopyFiles */ = {isa = PBXBuildFile; fileRef = DAE322DA1704AB2A00C55E04 /* CocoaLibSpotify.framework */; };
/* End PBXBuildFile section */

/* Begin PBXContainerItemProxy section */
		DAE322D91704AB2A00C55E04 /* PBXContainerItemProxy */ = {
			isa = PBXContainerItemProxy;
			containerPortal = DAE322D41704AB2900C55E04 /* CocoaLibSpotify Mac Framework.xcodeproj */;
			proxyType = 2;
			remoteGlobalIDString = 503D630F13258041007772CA;
			remoteInfo = CocoaLibSpotify;
		};
		DAE322DB1704AB2A00C55E04 /* PBXContainerItemProxy */ = {
			isa = PBXContainerItemProxy;
			containerPortal = DAE322D41704AB2900C55E04 /* CocoaLibSpotify Mac Framework.xcodeproj */;
			proxyType = 2;
			remoteGlobalIDString = 504E4934155AA85400E1C0F7;
			remoteInfo = CocoaLSTests;
		};
/* End PBXContainerItemProxy section */

/* Begin PBXCopyFilesBuildPhase section */
		DAE7B564169D83FA009ABCE9 /* CopyFiles */ = {
			isa = PBXCopyFilesBuildPhase;
			buildActionMask = 2147483647;
			dstPath = "";
			dstSubfolderSpec = 10;
			files = (
				DAD06C4016E77CE700B943CB /* Sparkle.framework in CopyFiles */,
				DAE322DE1704AB4E00C55E04 /* CocoaLibSpotify.framework in CopyFiles */,
				DA97043C1700581B0068C541 /* Growl.framework in CopyFiles */,
			);
			runOnlyForDeploymentPostprocessing = 0;
		};
/* End PBXCopyFilesBuildPhase section */

/* Begin PBXFileReference section */
		DA5754F3169C4BFF00B4241E /* RSRTVArrayController.h */ = {isa = PBXFileReference; lastKnownFileType = sourcecode.c.h; path = RSRTVArrayController.h; sourceTree = "<group>"; };
		DA5754F4169C4BFF00B4241E /* RSRTVArrayController.m */ = {isa = PBXFileReference; lastKnownFileType = sourcecode.c.objc; path = RSRTVArrayController.m; sourceTree = "<group>"; };
		DA5754FA169C897000B4241E /* LPEasyScrobble.h */ = {isa = PBXFileReference; fileEncoding = 4; lastKnownFileType = sourcecode.c.h; path = LPEasyScrobble.h; sourceTree = "<group>"; };
		DA5754FB169C897000B4241E /* LPEasyScrobble.m */ = {isa = PBXFileReference; fileEncoding = 4; lastKnownFileType = sourcecode.c.objc; lineEnding = 0; path = LPEasyScrobble.m; sourceTree = "<group>"; xcLanguageSpecificationIdentifier = xcode.lang.objc; };
		DA6A9F16168662BC00A250ED /* Spotiqueue.app */ = {isa = PBXFileReference; explicitFileType = wrapper.application; includeInIndex = 0; path = Spotiqueue.app; sourceTree = BUILT_PRODUCTS_DIR; };
		DA6A9F1A168662BC00A250ED /* Cocoa.framework */ = {isa = PBXFileReference; lastKnownFileType = wrapper.framework; name = Cocoa.framework; path = System/Library/Frameworks/Cocoa.framework; sourceTree = SDKROOT; };
		DA6A9F1D168662BC00A250ED /* AppKit.framework */ = {isa = PBXFileReference; lastKnownFileType = wrapper.framework; name = AppKit.framework; path = System/Library/Frameworks/AppKit.framework; sourceTree = SDKROOT; };
		DA6A9F1E168662BC00A250ED /* CoreData.framework */ = {isa = PBXFileReference; lastKnownFileType = wrapper.framework; name = CoreData.framework; path = System/Library/Frameworks/CoreData.framework; sourceTree = SDKROOT; };
		DA6A9F1F168662BC00A250ED /* Foundation.framework */ = {isa = PBXFileReference; lastKnownFileType = wrapper.framework; name = Foundation.framework; path = System/Library/Frameworks/Foundation.framework; sourceTree = SDKROOT; };
		DA6A9F22168662BC00A250ED /* Spotiqueue-Info.plist */ = {isa = PBXFileReference; lastKnownFileType = text.plist.xml; path = "Spotiqueue-Info.plist"; sourceTree = "<group>"; };
		DA6A9F24168662BC00A250ED /* en */ = {isa = PBXFileReference; lastKnownFileType = text.plist.strings; name = en; path = en.lproj/InfoPlist.strings; sourceTree = "<group>"; };
		DA6A9F26168662BC00A250ED /* main.m */ = {isa = PBXFileReference; lastKnownFileType = sourcecode.c.objc; path = main.m; sourceTree = "<group>"; };
		DA6A9F28168662BC00A250ED /* Spotiqueue-Prefix.pch */ = {isa = PBXFileReference; lastKnownFileType = sourcecode.c.h; lineEnding = 0; path = "Spotiqueue-Prefix.pch"; sourceTree = "<group>"; xcLanguageSpecificationIdentifier = xcode.lang.objc; };
		DA6A9F2A168662BC00A250ED /* en */ = {isa = PBXFileReference; lastKnownFileType = text.rtf; name = en; path = en.lproj/Credits.rtf; sourceTree = "<group>"; };
		DA6A9F2C168662BC00A250ED /* DNAppDelegate.h */ = {isa = PBXFileReference; lastKnownFileType = sourcecode.c.h; path = DNAppDelegate.h; sourceTree = "<group>"; };
		DA6A9F2D168662BC00A250ED /* DNAppDelegate.m */ = {isa = PBXFileReference; lastKnownFileType = sourcecode.c.objc; lineEnding = 0; path = DNAppDelegate.m; sourceTree = "<group>"; xcLanguageSpecificationIdentifier = xcode.lang.objc; };
		DA6A9F30168662BD00A250ED /* en */ = {isa = PBXFileReference; lastKnownFileType = file.xib; name = en; path = en.lproj/MainMenu.xib; sourceTree = "<group>"; };
		DA6A9F33168662BD00A250ED /* Spotiqueue.xcdatamodel */ = {isa = PBXFileReference; lastKnownFileType = wrapper.xcdatamodel; path = Spotiqueue.xcdatamodel; sourceTree = "<group>"; };
		DA6A9F54168667DC00A250ED /* AudioUnit.framework */ = {isa = PBXFileReference; lastKnownFileType = wrapper.framework; name = AudioUnit.framework; path = System/Library/Frameworks/AudioUnit.framework; sourceTree = SDKROOT; };
		DA6A9F55168667DC00A250ED /* CoreAudio.framework */ = {isa = PBXFileReference; lastKnownFileType = wrapper.framework; name = CoreAudio.framework; path = System/Library/Frameworks/CoreAudio.framework; sourceTree = SDKROOT; };
		DA97043A1700580B0068C541 /* Growl.framework */ = {isa = PBXFileReference; lastKnownFileType = wrapper.framework; path = Growl.framework; sourceTree = "<group>"; };
		DA97043F17005A730068C541 /* Growl Registration Ticket.growlRegDict */ = {isa = PBXFileReference; fileEncoding = 4; lastKnownFileType = text.xml; path = "Growl Registration Ticket.growlRegDict"; sourceTree = "<group>"; };
		DA9704441700BC7A0068C541 /* DNDurationTransformer.h */ = {isa = PBXFileReference; fileEncoding = 4; lastKnownFileType = sourcecode.c.h; path = DNDurationTransformer.h; sourceTree = "<group>"; };
		DA9704451700BC7A0068C541 /* DNDurationTransformer.m */ = {isa = PBXFileReference; fileEncoding = 4; lastKnownFileType = sourcecode.c.objc; path = DNDurationTransformer.m; sourceTree = "<group>"; };
		DAA78C83168B6CDE000C8692 /* DNTrackTable.h */ = {isa = PBXFileReference; fileEncoding = 4; lastKnownFileType = sourcecode.c.h; path = DNTrackTable.h; sourceTree = "<group>"; };
		DAA78C84168B6CDE000C8692 /* DNTrackTable.m */ = {isa = PBXFileReference; fileEncoding = 4; lastKnownFileType = sourcecode.c.objc; lineEnding = 0; path = DNTrackTable.m; sourceTree = "<group>"; xcLanguageSpecificationIdentifier = xcode.lang.objc; };
		DAA78C87168B6EE8000C8692 /* DNTrackTableDelegate.h */ = {isa = PBXFileReference; lastKnownFileType = sourcecode.c.h; path = DNTrackTableDelegate.h; sourceTree = "<group>"; };
		DAA78C8816919C59000C8692 /* Security.framework */ = {isa = PBXFileReference; lastKnownFileType = wrapper.framework; name = Security.framework; path = System/Library/Frameworks/Security.framework; sourceTree = SDKROOT; };
		DAA78C8D16919E63000C8692 /* SSKeychain.h */ = {isa = PBXFileReference; fileEncoding = 4; lastKnownFileType = sourcecode.c.h; path = SSKeychain.h; sourceTree = "<group>"; };
		DAA78C8E16919E63000C8692 /* SSKeychain.m */ = {isa = PBXFileReference; fileEncoding = 4; lastKnownFileType = sourcecode.c.objc; path = SSKeychain.m; sourceTree = "<group>"; };
		DAA78C9016919F11000C8692 /* SpotiqueueConstants.h */ = {isa = PBXFileReference; fileEncoding = 4; lastKnownFileType = sourcecode.c.h; path = SpotiqueueConstants.h; sourceTree = "<group>"; };
		DABF28F4169DAECD00003A11 /* LFMSecrets.h */ = {isa = PBXFileReference; fileEncoding = 4; lastKnownFileType = sourcecode.c.h; name = LFMSecrets.h; path = Spotiqueue/LFMSecrets.h; sourceTree = "<group>"; };
		DABF28F5169DAECD00003A11 /* SpotifySecrets.h */ = {isa = PBXFileReference; fileEncoding = 4; lastKnownFileType = sourcecode.c.h; name = SpotifySecrets.h; path = Spotiqueue/SpotifySecrets.h; sourceTree = "<group>"; };
		DAC4376C16B055B9001E94B4 /* DNApplication.h */ = {isa = PBXFileReference; fileEncoding = 4; lastKnownFileType = sourcecode.c.h; path = DNApplication.h; sourceTree = "<group>"; };
		DAC4376D16B055B9001E94B4 /* DNApplication.m */ = {isa = PBXFileReference; fileEncoding = 4; lastKnownFileType = sourcecode.c.objc; path = DNApplication.m; sourceTree = "<group>"; };
		DAD06C3A16E7744300B943CB /* dsa_pub.pem */ = {isa = PBXFileReference; fileEncoding = 4; lastKnownFileType = text; path = dsa_pub.pem; sourceTree = "<group>"; };
		DAD06C3E16E77CE000B943CB /* Sparkle.framework */ = {isa = PBXFileReference; lastKnownFileType = wrapper.framework; path = Sparkle.framework; sourceTree = "<group>"; };
		DAE322D41704AB2900C55E04 /* CocoaLibSpotify Mac Framework.xcodeproj */ = {isa = PBXFileReference; lastKnownFileType = "wrapper.pb-project"; name = "CocoaLibSpotify Mac Framework.xcodeproj"; path = "cocoalibspotify/Mac Framework/CocoaLibSpotify Mac Framework.xcodeproj"; sourceTree = "<group>"; };
		DAFDC61C169D8C4100A553E6 /* Spotiqueue.iconset */ = {isa = PBXFileReference; lastKnownFileType = folder.iconset; path = Spotiqueue.iconset; sourceTree = "<group>"; };
/* End PBXFileReference section */

/* Begin PBXFrameworksBuildPhase section */
		DA6A9F13168662BC00A250ED /* Frameworks */ = {
			isa = PBXFrameworksBuildPhase;
			buildActionMask = 2147483647;
			files = (
				DAA78C8916919C59000C8692 /* Security.framework in Frameworks */,
				DA6A9F56168667DC00A250ED /* AudioUnit.framework in Frameworks */,
				DAE322DD1704AB4600C55E04 /* CocoaLibSpotify.framework in Frameworks */,
				DAA78C73168B5229000C8692 /* CoreData.framework in Frameworks */,
				DAA78C71168B5227000C8692 /* AppKit.framework in Frameworks */,
				DA6A9F57168667DC00A250ED /* CoreAudio.framework in Frameworks */,
				DAA78C74168B522A000C8692 /* Foundation.framework in Frameworks */,
				DA6A9F1B168662BC00A250ED /* Cocoa.framework in Frameworks */,
				DAD06C3F16E77CE000B943CB /* Sparkle.framework in Frameworks */,
				DA97043B1700580B0068C541 /* Growl.framework in Frameworks */,
			);
			runOnlyForDeploymentPostprocessing = 0;
		};
/* End PBXFrameworksBuildPhase section */

/* Begin PBXGroup section */
		DA6A9F0B168662BC00A250ED = {
			isa = PBXGroup;
			children = (
				DAE322D41704AB2900C55E04 /* CocoaLibSpotify Mac Framework.xcodeproj */,
				DABF28F4169DAECD00003A11 /* LFMSecrets.h */,
				DABF28F5169DAECD00003A11 /* SpotifySecrets.h */,
				DA6A9F20168662BC00A250ED /* Spotiqueue */,
				DA6A9F19168662BC00A250ED /* Frameworks */,
				DA6A9F17168662BC00A250ED /* Products */,
			);
			sourceTree = "<group>";
		};
		DA6A9F17168662BC00A250ED /* Products */ = {
			isa = PBXGroup;
			children = (
				DA6A9F16168662BC00A250ED /* Spotiqueue.app */,
			);
			name = Products;
			sourceTree = "<group>";
		};
		DA6A9F19168662BC00A250ED /* Frameworks */ = {
			isa = PBXGroup;
			children = (
				DA97043A1700580B0068C541 /* Growl.framework */,
				DAD06C3E16E77CE000B943CB /* Sparkle.framework */,
				DA6A9F1C168662BC00A250ED /* Other Frameworks */,
			);
			name = Frameworks;
			sourceTree = "<group>";
		};
		DA6A9F1C168662BC00A250ED /* Other Frameworks */ = {
			isa = PBXGroup;
			children = (
				DAA78C8816919C59000C8692 /* Security.framework */,
				DA6A9F54168667DC00A250ED /* AudioUnit.framework */,
				DA6A9F55168667DC00A250ED /* CoreAudio.framework */,
				DA6A9F1A168662BC00A250ED /* Cocoa.framework */,
				DA6A9F1D168662BC00A250ED /* AppKit.framework */,
				DA6A9F1E168662BC00A250ED /* CoreData.framework */,
				DA6A9F1F168662BC00A250ED /* Foundation.framework */,
			);
			name = "Other Frameworks";
			sourceTree = "<group>";
		};
		DA6A9F20168662BC00A250ED /* Spotiqueue */ = {
			isa = PBXGroup;
			children = (
				DAA78C86168B6D48000C8692 /* Classes */,
				DA6A9F2F168662BD00A250ED /* MainMenu.xib */,
				DA6A9F32168662BD00A250ED /* Spotiqueue.xcdatamodeld */,
				DA6A9F21168662BC00A250ED /* Supporting Files */,
			);
			path = Spotiqueue;
			sourceTree = "<group>";
		};
		DA6A9F21168662BC00A250ED /* Supporting Files */ = {
			isa = PBXGroup;
			children = (
				DAD06C3A16E7744300B943CB /* dsa_pub.pem */,
				DAFDC61C169D8C4100A553E6 /* Spotiqueue.iconset */,
				DA97043F17005A730068C541 /* Growl Registration Ticket.growlRegDict */,
				DA6A9F22168662BC00A250ED /* Spotiqueue-Info.plist */,
				DA6A9F23168662BC00A250ED /* InfoPlist.strings */,
				DA6A9F26168662BC00A250ED /* main.m */,
				DA6A9F28168662BC00A250ED /* Spotiqueue-Prefix.pch */,
				DA6A9F29168662BC00A250ED /* Credits.rtf */,
			);
			name = "Supporting Files";
			sourceTree = "<group>";
		};
		DAA78C86168B6D48000C8692 /* Classes */ = {
			isa = PBXGroup;
			children = (
				DAC4377016B05EE5001E94B4 /* Subclassed */,
				DA6A9F2C168662BC00A250ED /* DNAppDelegate.h */,
				DA6A9F2D168662BC00A250ED /* DNAppDelegate.m */,
				DAA78C87168B6EE8000C8692 /* DNTrackTableDelegate.h */,
				DAA78C8D16919E63000C8692 /* SSKeychain.h */,
				DAA78C8E16919E63000C8692 /* SSKeychain.m */,
				DAA78C9016919F11000C8692 /* SpotiqueueConstants.h */,
				DA5754FA169C897000B4241E /* LPEasyScrobble.h */,
				DA5754FB169C897000B4241E /* LPEasyScrobble.m */,
			);
			name = Classes;
			sourceTree = "<group>";
		};
		DAC4377016B05EE5001E94B4 /* Subclassed */ = {
			isa = PBXGroup;
			children = (
				DA5754F3169C4BFF00B4241E /* RSRTVArrayController.h */,
				DA5754F4169C4BFF00B4241E /* RSRTVArrayController.m */,
				DAA78C83168B6CDE000C8692 /* DNTrackTable.h */,
				DAA78C84168B6CDE000C8692 /* DNTrackTable.m */,
				DAC4376C16B055B9001E94B4 /* DNApplication.h */,
				DAC4376D16B055B9001E94B4 /* DNApplication.m */,
				DA9704441700BC7A0068C541 /* DNDurationTransformer.h */,
				DA9704451700BC7A0068C541 /* DNDurationTransformer.m */,
			);
			name = Subclassed;
			sourceTree = "<group>";
		};
		DAE322D51704AB2900C55E04 /* Products */ = {
			isa = PBXGroup;
			children = (
				DAE322DA1704AB2A00C55E04 /* CocoaLibSpotify.framework */,
				DAE322DC1704AB2A00C55E04 /* CocoaLSTests.app */,
			);
			name = Products;
			sourceTree = "<group>";
		};
/* End PBXGroup section */

/* Begin PBXNativeTarget section */
		DA6A9F15168662BC00A250ED /* Spotiqueue */ = {
			isa = PBXNativeTarget;
			buildConfigurationList = DA6A9F37168662BD00A250ED /* Build configuration list for PBXNativeTarget "Spotiqueue" */;
			buildPhases = (
				DA6A9F12168662BC00A250ED /* Sources */,
				DA6A9F13168662BC00A250ED /* Frameworks */,
				DA6A9F14168662BC00A250ED /* Resources */,
				DAE7B564169D83FA009ABCE9 /* CopyFiles */,
				DAD06C4316E77E5C00B943CB /* ShellScript */,
			);
			buildRules = (
			);
			dependencies = (
			);
			name = Spotiqueue;
			productName = Spotiqueue;
			productReference = DA6A9F16168662BC00A250ED /* Spotiqueue.app */;
			productType = "com.apple.product-type.application";
		};
/* End PBXNativeTarget section */

/* Begin PBXProject section */
		DA6A9F0D168662BC00A250ED /* Project object */ = {
			isa = PBXProject;
			attributes = {
				CLASSPREFIX = DN;
				LastUpgradeCheck = 0450;
				ORGANIZATIONNAME = denknerd.org;
			};
			buildConfigurationList = DA6A9F10168662BC00A250ED /* Build configuration list for PBXProject "Spotiqueue" */;
			compatibilityVersion = "Xcode 3.2";
			developmentRegion = English;
			hasScannedForEncodings = 0;
			knownRegions = (
				en,
			);
			mainGroup = DA6A9F0B168662BC00A250ED;
			productRefGroup = DA6A9F17168662BC00A250ED /* Products */;
			projectDirPath = "";
			projectReferences = (
				{
					ProductGroup = DAE322D51704AB2900C55E04 /* Products */;
					ProjectRef = DAE322D41704AB2900C55E04 /* CocoaLibSpotify Mac Framework.xcodeproj */;
				},
			);
			projectRoot = "";
			targets = (
				DA6A9F15168662BC00A250ED /* Spotiqueue */,
			);
		};
/* End PBXProject section */

/* Begin PBXReferenceProxy section */
		DAE322DA1704AB2A00C55E04 /* CocoaLibSpotify.framework */ = {
			isa = PBXReferenceProxy;
			fileType = wrapper.framework;
			path = CocoaLibSpotify.framework;
			remoteRef = DAE322D91704AB2A00C55E04 /* PBXContainerItemProxy */;
			sourceTree = BUILT_PRODUCTS_DIR;
		};
		DAE322DC1704AB2A00C55E04 /* CocoaLSTests.app */ = {
			isa = PBXReferenceProxy;
			fileType = wrapper.application;
			path = CocoaLSTests.app;
			remoteRef = DAE322DB1704AB2A00C55E04 /* PBXContainerItemProxy */;
			sourceTree = BUILT_PRODUCTS_DIR;
		};
/* End PBXReferenceProxy section */

/* Begin PBXResourcesBuildPhase section */
		DA6A9F14168662BC00A250ED /* Resources */ = {
			isa = PBXResourcesBuildPhase;
			buildActionMask = 2147483647;
			files = (
				DA6A9F25168662BC00A250ED /* InfoPlist.strings in Resources */,
				DA6A9F2B168662BC00A250ED /* Credits.rtf in Resources */,
				DABF28F2169D8DB100003A11 /* Spotiqueue.iconset in Resources */,
				DA6A9F31168662BD00A250ED /* MainMenu.xib in Resources */,
				DAD06C3B16E7744300B943CB /* dsa_pub.pem in Resources */,
				DA97044017005A730068C541 /* Growl Registration Ticket.growlRegDict in Resources */,
			);
			runOnlyForDeploymentPostprocessing = 0;
		};
/* End PBXResourcesBuildPhase section */

/* Begin PBXShellScriptBuildPhase section */
		DAD06C4316E77E5C00B943CB /* ShellScript */ = {
			isa = PBXShellScriptBuildPhase;
			buildActionMask = 2147483647;
			files = (
			);
			inputPaths = (
			);
			outputPaths = (
			);
			runOnlyForDeploymentPostprocessing = 0;
			shellPath = /bin/sh;
			shellScript = "# xcode-build-bump.sh\n# @desc Auto-increment the build number every time the project is run.\n# @usage\n# 1. Select: your Target in Xcode\n# 2. Select: Build Phases Tab\n# 3. Select: Add Build Phase -> Add Run Script\n# 4. Paste code below in to new \"Run Script\" section\n# 5. Drag the \"Run Script\" below \"Link Binaries With Libraries\"\n# 6. Insure that your starting build number is set to a whole integer and not a float (e.g. 1, not 1.0)\n\nbuildNumber=$(/usr/libexec/PlistBuddy -c \"Print CFBundleVersion\" \"${PROJECT_DIR}/${INFOPLIST_FILE}\")\nbuildNumber=$(($buildNumber + 1))\n/usr/libexec/PlistBuddy -c \"Set :CFBundleVersion $buildNumber\" \"${PROJECT_DIR}/${INFOPLIST_FILE}\"";
		};
/* End PBXShellScriptBuildPhase section */

/* Begin PBXSourcesBuildPhase section */
		DA6A9F12168662BC00A250ED /* Sources */ = {
			isa = PBXSourcesBuildPhase;
			buildActionMask = 2147483647;
			files = (
				DA5754F5169C4E2A00B4241E /* RSRTVArrayController.m in Sources */,
				DA6A9F27168662BC00A250ED /* main.m in Sources */,
				DA6A9F2E168662BC00A250ED /* DNAppDelegate.m in Sources */,
				DA6A9F34168662BD00A250ED /* Spotiqueue.xcdatamodeld in Sources */,
				DAA78C85168B6CDE000C8692 /* DNTrackTable.m in Sources */,
				DAA78C8F16919E63000C8692 /* SSKeychain.m in Sources */,
				DA5754FC169C897000B4241E /* LPEasyScrobble.m in Sources */,
				DAC4376E16B055B9001E94B4 /* DNApplication.m in Sources */,
				DA9704461700BC7A0068C541 /* DNDurationTransformer.m in Sources */,
			);
			runOnlyForDeploymentPostprocessing = 0;
		};
/* End PBXSourcesBuildPhase section */

/* Begin PBXVariantGroup section */
		DA6A9F23168662BC00A250ED /* InfoPlist.strings */ = {
			isa = PBXVariantGroup;
			children = (
				DA6A9F24168662BC00A250ED /* en */,
			);
			name = InfoPlist.strings;
			sourceTree = "<group>";
		};
		DA6A9F29168662BC00A250ED /* Credits.rtf */ = {
			isa = PBXVariantGroup;
			children = (
				DA6A9F2A168662BC00A250ED /* en */,
			);
			name = Credits.rtf;
			sourceTree = "<group>";
		};
		DA6A9F2F168662BD00A250ED /* MainMenu.xib */ = {
			isa = PBXVariantGroup;
			children = (
				DA6A9F30168662BD00A250ED /* en */,
			);
			name = MainMenu.xib;
			sourceTree = "<group>";
		};
/* End PBXVariantGroup section */

/* Begin XCBuildConfiguration section */
		DA6A9F35168662BD00A250ED /* Debug */ = {
			isa = XCBuildConfiguration;
			buildSettings = {
				ALWAYS_SEARCH_USER_PATHS = NO;
				ARCHS = "$(ARCHS_STANDARD_64_BIT)";
				CLANG_CXX_LANGUAGE_STANDARD = "gnu++0x";
				CLANG_CXX_LIBRARY = "libc++";
				CLANG_ENABLE_OBJC_ARC = NO;
				CLANG_WARN_EMPTY_BODY = YES;
				CLANG_WARN__DUPLICATE_METHOD_MATCH = YES;
				CODE_SIGN_IDENTITY = "Paul van der Walt";
				COPY_PHASE_STRIP = NO;
				GCC_C_LANGUAGE_STANDARD = gnu99;
				GCC_DYNAMIC_NO_PIC = NO;
				GCC_ENABLE_OBJC_EXCEPTIONS = YES;
				GCC_OPTIMIZATION_LEVEL = 0;
				GCC_PREPROCESSOR_DEFINITIONS = (
					"DEBUG=1",
					"$(inherited)",
				);
				GCC_SYMBOLS_PRIVATE_EXTERN = NO;
				GCC_WARN_64_TO_32_BIT_CONVERSION = YES;
				GCC_WARN_ABOUT_RETURN_TYPE = YES;
				GCC_WARN_UNINITIALIZED_AUTOS = YES;
				GCC_WARN_UNUSED_VARIABLE = YES;
				MACOSX_DEPLOYMENT_TARGET = 10.6;
				ONLY_ACTIVE_ARCH = YES;
				PROVISIONING_PROFILE = "";
				SDKROOT = macosx;
			};
			name = Debug;
		};
		DA6A9F36168662BD00A250ED /* Release */ = {
			isa = XCBuildConfiguration;
			buildSettings = {
				ALWAYS_SEARCH_USER_PATHS = NO;
				ARCHS = "$(ARCHS_STANDARD_64_BIT)";
				CLANG_CXX_LANGUAGE_STANDARD = "gnu++0x";
				CLANG_CXX_LIBRARY = "libc++";
				CLANG_ENABLE_OBJC_ARC = NO;
				CLANG_WARN_EMPTY_BODY = YES;
				CLANG_WARN__DUPLICATE_METHOD_MATCH = YES;
				CODE_SIGN_IDENTITY = "Paul van der Walt";
				COPY_PHASE_STRIP = YES;
				DEBUG_INFORMATION_FORMAT = "dwarf-with-dsym";
				GCC_C_LANGUAGE_STANDARD = gnu99;
				GCC_ENABLE_OBJC_EXCEPTIONS = YES;
				GCC_WARN_64_TO_32_BIT_CONVERSION = YES;
				GCC_WARN_ABOUT_RETURN_TYPE = YES;
				GCC_WARN_UNINITIALIZED_AUTOS = YES;
				GCC_WARN_UNUSED_VARIABLE = YES;
				MACOSX_DEPLOYMENT_TARGET = 10.6;
				PROVISIONING_PROFILE = "";
				SDKROOT = macosx;
			};
			name = Release;
		};
		DA6A9F38168662BD00A250ED /* Debug */ = {
			isa = XCBuildConfiguration;
			buildSettings = {
				CODE_SIGN_IDENTITY = "Paul van der Walt";
				COMBINE_HIDPI_IMAGES = YES;
				FRAMEWORK_SEARCH_PATHS = (
					"$(inherited)",
					"\"$(SRCROOT)\"",
				);
				GCC_PRECOMPILE_PREFIX_HEADER = YES;
				GCC_PREFIX_HEADER = "Spotiqueue/Spotiqueue-Prefix.pch";
				INFOPLIST_FILE = "Spotiqueue/Spotiqueue-Info.plist";
				LD_RUNPATH_SEARCH_PATHS = "@loader_path/../Frameworks";
				MACOSX_DEPLOYMENT_TARGET = 10.6;
				PRODUCT_NAME = "$(TARGET_NAME)";
				PROVISIONING_PROFILE = "";
				WRAPPER_EXTENSION = app;
			};
			name = Debug;
		};
		DA6A9F39168662BD00A250ED /* Release */ = {
			isa = XCBuildConfiguration;
			buildSettings = {
				CODE_SIGN_IDENTITY = "Paul van der Walt";
				COMBINE_HIDPI_IMAGES = YES;
				FRAMEWORK_SEARCH_PATHS = (
					"$(inherited)",
					"\"$(SRCROOT)\"",
				);
				GCC_PRECOMPILE_PREFIX_HEADER = YES;
				GCC_PREFIX_HEADER = "Spotiqueue/Spotiqueue-Prefix.pch";
				INFOPLIST_FILE = "Spotiqueue/Spotiqueue-Info.plist";
				LD_RUNPATH_SEARCH_PATHS = "@loader_path/../Frameworks";
				MACOSX_DEPLOYMENT_TARGET = 10.6;
				PRODUCT_NAME = "$(TARGET_NAME)";
				PROVISIONING_PROFILE = "";
				WRAPPER_EXTENSION = app;
			};
			name = Release;
		};
/* End XCBuildConfiguration section */

/* Begin XCConfigurationList section */
		DA6A9F10168662BC00A250ED /* Build configuration list for PBXProject "Spotiqueue" */ = {
			isa = XCConfigurationList;
			buildConfigurations = (
				DA6A9F35168662BD00A250ED /* Debug */,
				DA6A9F36168662BD00A250ED /* Release */,
			);
			defaultConfigurationIsVisible = 0;
			defaultConfigurationName = Release;
		};
		DA6A9F37168662BD00A250ED /* Build configuration list for PBXNativeTarget "Spotiqueue" */ = {
			isa = XCConfigurationList;
			buildConfigurations = (
				DA6A9F38168662BD00A250ED /* Debug */,
				DA6A9F39168662BD00A250ED /* Release */,
			);
			defaultConfigurationIsVisible = 0;
			defaultConfigurationName = Release;
		};
/* End XCConfigurationList section */

/* Begin XCVersionGroup section */
		DA6A9F32168662BD00A250ED /* Spotiqueue.xcdatamodeld */ = {
			isa = XCVersionGroup;
			children = (
				DA6A9F33168662BD00A250ED /* Spotiqueue.xcdatamodel */,
			);
			currentVersion = DA6A9F33168662BD00A250ED /* Spotiqueue.xcdatamodel */;
			path = Spotiqueue.xcdatamodeld;
			sourceTree = "<group>";
			versionGroupType = wrapper.xcdatamodel;
		};
/* End XCVersionGroup section */
	};
	rootObject = DA6A9F0D168662BC00A250ED /* Project object */;
}
