// !$*UTF8*$!
{
	archiveVersion = 1;
	classes = {
	};
	objectVersion = 46;
	objects = {

/* Begin PBXBuildFile section */
		DA5754F5169C4E2A00B4241E /* RSRTVArrayController.m in Sources */ = {isa = PBXBuildFile; fileRef = DA5754F4169C4BFF00B4241E /* RSRTVArrayController.m */; };
		DA5754F8169C879000B4241E /* lastfm_red_small.gif in Resources */ = {isa = PBXBuildFile; fileRef = DA5754F6169C879000B4241E /* lastfm_red_small.gif */; };
		DA5754F9169C879000B4241E /* spotify-logo.jpg in Resources */ = {isa = PBXBuildFile; fileRef = DA5754F7169C879000B4241E /* spotify-logo.jpg */; };
		DA5754FC169C897000B4241E /* LPEasyScrobble.m in Sources */ = {isa = PBXBuildFile; fileRef = DA5754FB169C897000B4241E /* LPEasyScrobble.m */; };
		DA6A9F1B168662BC00A250ED /* Cocoa.framework in Frameworks */ = {isa = PBXBuildFile; fileRef = DA6A9F1A168662BC00A250ED /* Cocoa.framework */; };
		DA6A9F25168662BC00A250ED /* InfoPlist.strings in Resources */ = {isa = PBXBuildFile; fileRef = DA6A9F23168662BC00A250ED /* InfoPlist.strings */; };
		DA6A9F27168662BC00A250ED /* main.m in Sources */ = {isa = PBXBuildFile; fileRef = DA6A9F26168662BC00A250ED /* main.m */; };
		DA6A9F2B168662BC00A250ED /* Credits.rtf in Resources */ = {isa = PBXBuildFile; fileRef = DA6A9F29168662BC00A250ED /* Credits.rtf */; };
		DA6A9F2E168662BC00A250ED /* DNAppDelegate.m in Sources */ = {isa = PBXBuildFile; fileRef = DA6A9F2D168662BC00A250ED /* DNAppDelegate.m */; };
		DA6A9F31168662BD00A250ED /* MainMenu.xib in Resources */ = {isa = PBXBuildFile; fileRef = DA6A9F2F168662BD00A250ED /* MainMenu.xib */; };
		DA6A9F34168662BD00A250ED /* Spotiqueue.xcdatamodeld in Sources */ = {isa = PBXBuildFile; fileRef = DA6A9F32168662BD00A250ED /* Spotiqueue.xcdatamodeld */; };
		DA6A9F56168667DC00A250ED /* AudioUnit.framework in Frameworks */ = {isa = PBXBuildFile; fileRef = DA6A9F54168667DC00A250ED /* AudioUnit.framework */; };
		DA6A9F57168667DC00A250ED /* CoreAudio.framework in Frameworks */ = {isa = PBXBuildFile; fileRef = DA6A9F55168667DC00A250ED /* CoreAudio.framework */; };
		DA99E48E169DCC7B00968DE9 /* Sparkle.framework in Frameworks */ = {isa = PBXBuildFile; fileRef = DA99E48D169DCC7B00968DE9 /* Sparkle.framework */; };
		DA99E490169DCC9E00968DE9 /* Sparkle.framework in CopyFiles */ = {isa = PBXBuildFile; fileRef = DA99E48D169DCC7B00968DE9 /* Sparkle.framework */; };
		DAA78C71168B5227000C8692 /* AppKit.framework in Frameworks */ = {isa = PBXBuildFile; fileRef = DA6A9F1D168662BC00A250ED /* AppKit.framework */; };
		DAA78C73168B5229000C8692 /* CoreData.framework in Frameworks */ = {isa = PBXBuildFile; fileRef = DA6A9F1E168662BC00A250ED /* CoreData.framework */; };
		DAA78C74168B522A000C8692 /* Foundation.framework in Frameworks */ = {isa = PBXBuildFile; fileRef = DA6A9F1F168662BC00A250ED /* Foundation.framework */; };
		DAA78C85168B6CDE000C8692 /* DNTrackTable.m in Sources */ = {isa = PBXBuildFile; fileRef = DAA78C84168B6CDE000C8692 /* DNTrackTable.m */; };
		DAA78C8916919C59000C8692 /* Security.framework in Frameworks */ = {isa = PBXBuildFile; fileRef = DAA78C8816919C59000C8692 /* Security.framework */; };
		DAA78C8F16919E63000C8692 /* SSKeychain.m in Sources */ = {isa = PBXBuildFile; fileRef = DAA78C8E16919E63000C8692 /* SSKeychain.m */; };
		DABF28F2169D8DB100003A11 /* Spotiqueue.iconset in Resources */ = {isa = PBXBuildFile; fileRef = DAFDC61C169D8C4100A553E6 /* Spotiqueue.iconset */; };
		DAC4376E16B055B9001E94B4 /* DNApplication.m in Sources */ = {isa = PBXBuildFile; fileRef = DAC4376D16B055B9001E94B4 /* DNApplication.m */; };
		DAC626C2169ED42E00A74B02 /* CocoaLibSpotify.framework in Frameworks */ = {isa = PBXBuildFile; fileRef = DAC626C1169ED42E00A74B02 /* CocoaLibSpotify.framework */; };
		DAC626C3169ED43800A74B02 /* CocoaLibSpotify.framework in CopyFiles */ = {isa = PBXBuildFile; fileRef = DAC626C1169ED42E00A74B02 /* CocoaLibSpotify.framework */; };
/* End PBXBuildFile section */

/* Begin PBXCopyFilesBuildPhase section */
		DAE7B564169D83FA009ABCE9 /* CopyFiles */ = {
			isa = PBXCopyFilesBuildPhase;
			buildActionMask = 2147483647;
			dstPath = "";
			dstSubfolderSpec = 10;
			files = (
				DA99E490169DCC9E00968DE9 /* Sparkle.framework in CopyFiles */,
				DAC626C3169ED43800A74B02 /* CocoaLibSpotify.framework in CopyFiles */,
			);
			runOnlyForDeploymentPostprocessing = 0;
		};
/* End PBXCopyFilesBuildPhase section */

/* Begin PBXFileReference section */
		DA5754F3169C4BFF00B4241E /* RSRTVArrayController.h */ = {isa = PBXFileReference; lastKnownFileType = sourcecode.c.h; path = RSRTVArrayController.h; sourceTree = "<group>"; };
		DA5754F4169C4BFF00B4241E /* RSRTVArrayController.m */ = {isa = PBXFileReference; lastKnownFileType = sourcecode.c.objc; path = RSRTVArrayController.m; sourceTree = "<group>"; };
		DA5754F6169C879000B4241E /* lastfm_red_small.gif */ = {isa = PBXFileReference; lastKnownFileType = image.gif; path = lastfm_red_small.gif; sourceTree = "<group>"; };
		DA5754F7169C879000B4241E /* spotify-logo.jpg */ = {isa = PBXFileReference; lastKnownFileType = image.jpeg; path = "spotify-logo.jpg"; sourceTree = "<group>"; };
		DA5754FA169C897000B4241E /* LPEasyScrobble.h */ = {isa = PBXFileReference; fileEncoding = 4; lastKnownFileType = sourcecode.c.h; path = LPEasyScrobble.h; sourceTree = "<group>"; };
		DA5754FB169C897000B4241E /* LPEasyScrobble.m */ = {isa = PBXFileReference; fileEncoding = 4; lastKnownFileType = sourcecode.c.objc; path = LPEasyScrobble.m; sourceTree = "<group>"; };
		DA6A9F16168662BC00A250ED /* Spotiqueue.app */ = {isa = PBXFileReference; explicitFileType = wrapper.application; includeInIndex = 0; path = Spotiqueue.app; sourceTree = BUILT_PRODUCTS_DIR; };
		DA6A9F1A168662BC00A250ED /* Cocoa.framework */ = {isa = PBXFileReference; lastKnownFileType = wrapper.framework; name = Cocoa.framework; path = System/Library/Frameworks/Cocoa.framework; sourceTree = SDKROOT; };
		DA6A9F1D168662BC00A250ED /* AppKit.framework */ = {isa = PBXFileReference; lastKnownFileType = wrapper.framework; name = AppKit.framework; path = System/Library/Frameworks/AppKit.framework; sourceTree = SDKROOT; };
		DA6A9F1E168662BC00A250ED /* CoreData.framework */ = {isa = PBXFileReference; lastKnownFileType = wrapper.framework; name = CoreData.framework; path = System/Library/Frameworks/CoreData.framework; sourceTree = SDKROOT; };
		DA6A9F1F168662BC00A250ED /* Foundation.framework */ = {isa = PBXFileReference; lastKnownFileType = wrapper.framework; name = Foundation.framework; path = System/Library/Frameworks/Foundation.framework; sourceTree = SDKROOT; };
		DA6A9F22168662BC00A250ED /* Spotiqueue-Info.plist */ = {isa = PBXFileReference; lastKnownFileType = text.plist.xml; path = "Spotiqueue-Info.plist"; sourceTree = "<group>"; };
		DA6A9F24168662BC00A250ED /* en */ = {isa = PBXFileReference; lastKnownFileType = text.plist.strings; name = en; path = en.lproj/InfoPlist.strings; sourceTree = "<group>"; };
		DA6A9F26168662BC00A250ED /* main.m */ = {isa = PBXFileReference; lastKnownFileType = sourcecode.c.objc; path = main.m; sourceTree = "<group>"; };
		DA6A9F28168662BC00A250ED /* Spotiqueue-Prefix.pch */ = {isa = PBXFileReference; lastKnownFileType = sourcecode.c.h; path = "Spotiqueue-Prefix.pch"; sourceTree = "<group>"; };
		DA6A9F2A168662BC00A250ED /* en */ = {isa = PBXFileReference; lastKnownFileType = text.rtf; name = en; path = en.lproj/Credits.rtf; sourceTree = "<group>"; };
		DA6A9F2C168662BC00A250ED /* DNAppDelegate.h */ = {isa = PBXFileReference; lastKnownFileType = sourcecode.c.h; path = DNAppDelegate.h; sourceTree = "<group>"; };
		DA6A9F2D168662BC00A250ED /* DNAppDelegate.m */ = {isa = PBXFileReference; lastKnownFileType = sourcecode.c.objc; path = DNAppDelegate.m; sourceTree = "<group>"; };
		DA6A9F30168662BD00A250ED /* en */ = {isa = PBXFileReference; lastKnownFileType = file.xib; name = en; path = en.lproj/MainMenu.xib; sourceTree = "<group>"; };
		DA6A9F33168662BD00A250ED /* Spotiqueue.xcdatamodel */ = {isa = PBXFileReference; lastKnownFileType = wrapper.xcdatamodel; path = Spotiqueue.xcdatamodel; sourceTree = "<group>"; };
		DA6A9F54168667DC00A250ED /* AudioUnit.framework */ = {isa = PBXFileReference; lastKnownFileType = wrapper.framework; name = AudioUnit.framework; path = System/Library/Frameworks/AudioUnit.framework; sourceTree = SDKROOT; };
		DA6A9F55168667DC00A250ED /* CoreAudio.framework */ = {isa = PBXFileReference; lastKnownFileType = wrapper.framework; name = CoreAudio.framework; path = System/Library/Frameworks/CoreAudio.framework; sourceTree = SDKROOT; };
		DA99E48D169DCC7B00968DE9 /* Sparkle.framework */ = {isa = PBXFileReference; lastKnownFileType = wrapper.framework; path = Sparkle.framework; sourceTree = "<group>"; };
		DAA78C83168B6CDE000C8692 /* DNTrackTable.h */ = {isa = PBXFileReference; fileEncoding = 4; lastKnownFileType = sourcecode.c.h; path = DNTrackTable.h; sourceTree = "<group>"; };
		DAA78C84168B6CDE000C8692 /* DNTrackTable.m */ = {isa = PBXFileReference; fileEncoding = 4; lastKnownFileType = sourcecode.c.objc; path = DNTrackTable.m; sourceTree = "<group>"; };
		DAA78C87168B6EE8000C8692 /* DNTrackTableDelegate.h */ = {isa = PBXFileReference; lastKnownFileType = sourcecode.c.h; path = DNTrackTableDelegate.h; sourceTree = "<group>"; };
		DAA78C8816919C59000C8692 /* Security.framework */ = {isa = PBXFileReference; lastKnownFileType = wrapper.framework; name = Security.framework; path = System/Library/Frameworks/Security.framework; sourceTree = SDKROOT; };
		DAA78C8D16919E63000C8692 /* SSKeychain.h */ = {isa = PBXFileReference; fileEncoding = 4; lastKnownFileType = sourcecode.c.h; path = SSKeychain.h; sourceTree = "<group>"; };
		DAA78C8E16919E63000C8692 /* SSKeychain.m */ = {isa = PBXFileReference; fileEncoding = 4; lastKnownFileType = sourcecode.c.objc; path = SSKeychain.m; sourceTree = "<group>"; };
		DAA78C9016919F11000C8692 /* SpotiqueueConstants.h */ = {isa = PBXFileReference; fileEncoding = 4; lastKnownFileType = sourcecode.c.h; path = SpotiqueueConstants.h; sourceTree = "<group>"; };
		DABF28F4169DAECD00003A11 /* LFMSecrets.h */ = {isa = PBXFileReference; fileEncoding = 4; lastKnownFileType = sourcecode.c.h; name = LFMSecrets.h; path = Spotiqueue/LFMSecrets.h; sourceTree = "<group>"; };
		DABF28F5169DAECD00003A11 /* SpotifySecrets.h */ = {isa = PBXFileReference; fileEncoding = 4; lastKnownFileType = sourcecode.c.h; name = SpotifySecrets.h; path = Spotiqueue/SpotifySecrets.h; sourceTree = "<group>"; };
		DAC4376C16B055B9001E94B4 /* DNApplication.h */ = {isa = PBXFileReference; fileEncoding = 4; lastKnownFileType = sourcecode.c.h; path = DNApplication.h; sourceTree = "<group>"; };
		DAC4376D16B055B9001E94B4 /* DNApplication.m */ = {isa = PBXFileReference; fileEncoding = 4; lastKnownFileType = sourcecode.c.objc; path = DNApplication.m; sourceTree = "<group>"; };
		DAC626C1169ED42E00A74B02 /* CocoaLibSpotify.framework */ = {isa = PBXFileReference; lastKnownFileType = wrapper.framework; path = CocoaLibSpotify.framework; sourceTree = "<group>"; };
		DAFDC61C169D8C4100A553E6 /* Spotiqueue.iconset */ = {isa = PBXFileReference; lastKnownFileType = folder.iconset; path = Spotiqueue.iconset; sourceTree = "<group>"; };
/* End PBXFileReference section */

/* Begin PBXFrameworksBuildPhase section */
		DA6A9F13168662BC00A250ED /* Frameworks */ = {
			isa = PBXFrameworksBuildPhase;
			buildActionMask = 2147483647;
			files = (
				DAA78C8916919C59000C8692 /* Security.framework in Frameworks */,
				DA6A9F56168667DC00A250ED /* AudioUnit.framework in Frameworks */,
				DAA78C73168B5229000C8692 /* CoreData.framework in Frameworks */,
				DAA78C71168B5227000C8692 /* AppKit.framework in Frameworks */,
				DA6A9F57168667DC00A250ED /* CoreAudio.framework in Frameworks */,
				DAA78C74168B522A000C8692 /* Foundation.framework in Frameworks */,
				DA6A9F1B168662BC00A250ED /* Cocoa.framework in Frameworks */,
				DA99E48E169DCC7B00968DE9 /* Sparkle.framework in Frameworks */,
				DAC626C2169ED42E00A74B02 /* CocoaLibSpotify.framework in Frameworks */,
			);
			runOnlyForDeploymentPostprocessing = 0;
		};
/* End PBXFrameworksBuildPhase section */

/* Begin PBXGroup section */
		DA6A9F0B168662BC00A250ED = {
			isa = PBXGroup;
			children = (
				DABF28F4169DAECD00003A11 /* LFMSecrets.h */,
				DABF28F5169DAECD00003A11 /* SpotifySecrets.h */,
				DA6A9F20168662BC00A250ED /* Spotiqueue */,
				DA6A9F19168662BC00A250ED /* Frameworks */,
				DA6A9F17168662BC00A250ED /* Products */,
			);
			sourceTree = "<group>";
		};
		DA6A9F17168662BC00A250ED /* Products */ = {
			isa = PBXGroup;
			children = (
				DA6A9F16168662BC00A250ED /* Spotiqueue.app */,
			);
			name = Products;
			sourceTree = "<group>";
		};
		DA6A9F19168662BC00A250ED /* Frameworks */ = {
			isa = PBXGroup;
			children = (
				DAC626C1169ED42E00A74B02 /* CocoaLibSpotify.framework */,
				DA99E48D169DCC7B00968DE9 /* Sparkle.framework */,
				DA6A9F1C168662BC00A250ED /* Other Frameworks */,
			);
			name = Frameworks;
			sourceTree = "<group>";
		};
		DA6A9F1C168662BC00A250ED /* Other Frameworks */ = {
			isa = PBXGroup;
			children = (
				DAA78C8816919C59000C8692 /* Security.framework */,
				DA6A9F54168667DC00A250ED /* AudioUnit.framework */,
				DA6A9F55168667DC00A250ED /* CoreAudio.framework */,
				DA6A9F1A168662BC00A250ED /* Cocoa.framework */,
				DA6A9F1D168662BC00A250ED /* AppKit.framework */,
				DA6A9F1E168662BC00A250ED /* CoreData.framework */,
				DA6A9F1F168662BC00A250ED /* Foundation.framework */,
			);
			name = "Other Frameworks";
			sourceTree = "<group>";
		};
		DA6A9F20168662BC00A250ED /* Spotiqueue */ = {
			isa = PBXGroup;
			children = (
				DAA78C86168B6D48000C8692 /* Classes */,
				DA6A9F2F168662BD00A250ED /* MainMenu.xib */,
				DA5754F6169C879000B4241E /* lastfm_red_small.gif */,
				DA5754F7169C879000B4241E /* spotify-logo.jpg */,
				DA6A9F32168662BD00A250ED /* Spotiqueue.xcdatamodeld */,
				DA6A9F21168662BC00A250ED /* Supporting Files */,
			);
			path = Spotiqueue;
			sourceTree = "<group>";
		};
		DA6A9F21168662BC00A250ED /* Supporting Files */ = {
			isa = PBXGroup;
			children = (
				DAFDC61C169D8C4100A553E6 /* Spotiqueue.iconset */,
				DA6A9F22168662BC00A250ED /* Spotiqueue-Info.plist */,
				DA6A9F23168662BC00A250ED /* InfoPlist.strings */,
				DA6A9F26168662BC00A250ED /* main.m */,
				DA6A9F28168662BC00A250ED /* Spotiqueue-Prefix.pch */,
				DA6A9F29168662BC00A250ED /* Credits.rtf */,
			);
			name = "Supporting Files";
			sourceTree = "<group>";
		};
		DAA78C86168B6D48000C8692 /* Classes */ = {
			isa = PBXGroup;
			children = (
				DA5754F3169C4BFF00B4241E /* RSRTVArrayController.h */,
				DA5754F4169C4BFF00B4241E /* RSRTVArrayController.m */,
				DA6A9F2C168662BC00A250ED /* DNAppDelegate.h */,
				DA6A9F2D168662BC00A250ED /* DNAppDelegate.m */,
				DAA78C83168B6CDE000C8692 /* DNTrackTable.h */,
				DAA78C84168B6CDE000C8692 /* DNTrackTable.m */,
				DAA78C87168B6EE8000C8692 /* DNTrackTableDelegate.h */,
				DAA78C8D16919E63000C8692 /* SSKeychain.h */,
				DAA78C8E16919E63000C8692 /* SSKeychain.m */,
				DAA78C9016919F11000C8692 /* SpotiqueueConstants.h */,
				DA5754FA169C897000B4241E /* LPEasyScrobble.h */,
				DA5754FB169C897000B4241E /* LPEasyScrobble.m */,
				DAC4376C16B055B9001E94B4 /* DNApplication.h */,
				DAC4376D16B055B9001E94B4 /* DNApplication.m */,
			);
			name = Classes;
			sourceTree = "<group>";
		};
/* End PBXGroup section */

/* Begin PBXNativeTarget section */
		DA6A9F15168662BC00A250ED /* Spotiqueue */ = {
			isa = PBXNativeTarget;
			buildConfigurationList = DA6A9F37168662BD00A250ED /* Build configuration list for PBXNativeTarget "Spotiqueue" */;
			buildPhases = (
				DA6A9F12168662BC00A250ED /* Sources */,
				DA6A9F13168662BC00A250ED /* Frameworks */,
				DA6A9F14168662BC00A250ED /* Resources */,
				DAE7B564169D83FA009ABCE9 /* CopyFiles */,
			);
			buildRules = (
			);
			dependencies = (
			);
			name = Spotiqueue;
			productName = Spotiqueue;
			productReference = DA6A9F16168662BC00A250ED /* Spotiqueue.app */;
			productType = "com.apple.product-type.application";
		};
/* End PBXNativeTarget section */

/* Begin PBXProject section */
		DA6A9F0D168662BC00A250ED /* Project object */ = {
			isa = PBXProject;
			attributes = {
				CLASSPREFIX = DN;
				LastUpgradeCheck = 0450;
				ORGANIZATIONNAME = denknerd.org;
			};
			buildConfigurationList = DA6A9F10168662BC00A250ED /* Build configuration list for PBXProject "Spotiqueue" */;
			compatibilityVersion = "Xcode 3.2";
			developmentRegion = English;
			hasScannedForEncodings = 0;
			knownRegions = (
				en,
			);
			mainGroup = DA6A9F0B168662BC00A250ED;
			productRefGroup = DA6A9F17168662BC00A250ED /* Products */;
			projectDirPath = "";
			projectRoot = "";
			targets = (
				DA6A9F15168662BC00A250ED /* Spotiqueue */,
			);
		};
/* End PBXProject section */

/* Begin PBXResourcesBuildPhase section */
		DA6A9F14168662BC00A250ED /* Resources */ = {
			isa = PBXResourcesBuildPhase;
			buildActionMask = 2147483647;
			files = (
				DA6A9F25168662BC00A250ED /* InfoPlist.strings in Resources */,
				DA6A9F2B168662BC00A250ED /* Credits.rtf in Resources */,
				DABF28F2169D8DB100003A11 /* Spotiqueue.iconset in Resources */,
				DA6A9F31168662BD00A250ED /* MainMenu.xib in Resources */,
				DA5754F8169C879000B4241E /* lastfm_red_small.gif in Resources */,
				DA5754F9169C879000B4241E /* spotify-logo.jpg in Resources */,
			);
			runOnlyForDeploymentPostprocessing = 0;
		};
/* End PBXResourcesBuildPhase section */

/* Begin PBXSourcesBuildPhase section */
		DA6A9F12168662BC00A250ED /* Sources */ = {
			isa = PBXSourcesBuildPhase;
			buildActionMask = 2147483647;
			files = (
				DA5754F5169C4E2A00B4241E /* RSRTVArrayController.m in Sources */,
				DA6A9F27168662BC00A250ED /* main.m in Sources */,
				DA6A9F2E168662BC00A250ED /* DNAppDelegate.m in Sources */,
				DA6A9F34168662BD00A250ED /* Spotiqueue.xcdatamodeld in Sources */,
				DAA78C85168B6CDE000C8692 /* DNTrackTable.m in Sources */,
				DAA78C8F16919E63000C8692 /* SSKeychain.m in Sources */,
				DA5754FC169C897000B4241E /* LPEasyScrobble.m in Sources */,
				DAC4376E16B055B9001E94B4 /* DNApplication.m in Sources */,
			);
			runOnlyForDeploymentPostprocessing = 0;
		};
/* End PBXSourcesBuildPhase section */

/* Begin PBXVariantGroup section */
		DA6A9F23168662BC00A250ED /* InfoPlist.strings */ = {
			isa = PBXVariantGroup;
			children = (
				DA6A9F24168662BC00A250ED /* en */,
			);
			name = InfoPlist.strings;
			sourceTree = "<group>";
		};
		DA6A9F29168662BC00A250ED /* Credits.rtf */ = {
			isa = PBXVariantGroup;
			children = (
				DA6A9F2A168662BC00A250ED /* en */,
			);
			name = Credits.rtf;
			sourceTree = "<group>";
		};
		DA6A9F2F168662BD00A250ED /* MainMenu.xib */ = {
			isa = PBXVariantGroup;
			children = (
				DA6A9F30168662BD00A250ED /* en */,
			);
			name = MainMenu.xib;
			sourceTree = "<group>";
		};
/* End PBXVariantGroup section */

/* Begin XCBuildConfiguration section */
		DA6A9F35168662BD00A250ED /* Debug */ = {
			isa = XCBuildConfiguration;
			buildSettings = {
				ALWAYS_SEARCH_USER_PATHS = NO;
				ARCHS = "$(ARCHS_STANDARD_64_BIT)";
				CLANG_CXX_LANGUAGE_STANDARD = "gnu++0x";
				CLANG_CXX_LIBRARY = "libc++";
				CLANG_ENABLE_OBJC_ARC = NO;
				CLANG_WARN_EMPTY_BODY = YES;
				CLANG_WARN__DUPLICATE_METHOD_MATCH = YES;
				CODE_SIGN_IDENTITY = "Paul van der Walt";
				COPY_PHASE_STRIP = NO;
				GCC_C_LANGUAGE_STANDARD = gnu99;
				GCC_DYNAMIC_NO_PIC = NO;
				GCC_ENABLE_OBJC_EXCEPTIONS = YES;
				GCC_OPTIMIZATION_LEVEL = 0;
				GCC_PREPROCESSOR_DEFINITIONS = (
					"DEBUG=1",
					"$(inherited)",
				);
				GCC_SYMBOLS_PRIVATE_EXTERN = NO;
				GCC_WARN_64_TO_32_BIT_CONVERSION = YES;
				GCC_WARN_ABOUT_RETURN_TYPE = YES;
				GCC_WARN_UNINITIALIZED_AUTOS = YES;
				GCC_WARN_UNUSED_VARIABLE = YES;
				MACOSX_DEPLOYMENT_TARGET = 10.6;
				ONLY_ACTIVE_ARCH = YES;
				PROVISIONING_PROFILE = "";
				SDKROOT = macosx;
			};
			name = Debug;
		};
		DA6A9F36168662BD00A250ED /* Release */ = {
			isa = XCBuildConfiguration;
			buildSettings = {
				ALWAYS_SEARCH_USER_PATHS = NO;
				ARCHS = "$(ARCHS_STANDARD_64_BIT)";
				CLANG_CXX_LANGUAGE_STANDARD = "gnu++0x";
				CLANG_CXX_LIBRARY = "libc++";
				CLANG_ENABLE_OBJC_ARC = NO;
				CLANG_WARN_EMPTY_BODY = YES;
				CLANG_WARN__DUPLICATE_METHOD_MATCH = YES;
				CODE_SIGN_IDENTITY = "Paul van der Walt";
				COPY_PHASE_STRIP = YES;
				DEBUG_INFORMATION_FORMAT = "dwarf-with-dsym";
				GCC_C_LANGUAGE_STANDARD = gnu99;
				GCC_ENABLE_OBJC_EXCEPTIONS = YES;
				GCC_WARN_64_TO_32_BIT_CONVERSION = YES;
				GCC_WARN_ABOUT_RETURN_TYPE = YES;
				GCC_WARN_UNINITIALIZED_AUTOS = YES;
				GCC_WARN_UNUSED_VARIABLE = YES;
				MACOSX_DEPLOYMENT_TARGET = 10.6;
				PROVISIONING_PROFILE = "";
				SDKROOT = macosx;
			};
			name = Release;
		};
		DA6A9F38168662BD00A250ED /* Debug */ = {
			isa = XCBuildConfiguration;
			buildSettings = {
				CODE_SIGN_IDENTITY = "Paul van der Walt";
				COMBINE_HIDPI_IMAGES = YES;
				FRAMEWORK_SEARCH_PATHS = (
					"$(inherited)",
					"\"$(SRCROOT)\"",
				);
				GCC_PRECOMPILE_PREFIX_HEADER = YES;
				GCC_PREFIX_HEADER = "Spotiqueue/Spotiqueue-Prefix.pch";
				INFOPLIST_FILE = "Spotiqueue/Spotiqueue-Info.plist";
				LD_RUNPATH_SEARCH_PATHS = "@loader_path/../Frameworks";
				MACOSX_DEPLOYMENT_TARGET = 10.6;
				PRODUCT_NAME = "$(TARGET_NAME)";
				PROVISIONING_PROFILE = "";
				WRAPPER_EXTENSION = app;
			};
			name = Debug;
		};
		DA6A9F39168662BD00A250ED /* Release */ = {
			isa = XCBuildConfiguration;
			buildSettings = {
				CODE_SIGN_IDENTITY = "Paul van der Walt";
				COMBINE_HIDPI_IMAGES = YES;
				FRAMEWORK_SEARCH_PATHS = (
					"$(inherited)",
					"\"$(SRCROOT)\"",
				);
				GCC_PRECOMPILE_PREFIX_HEADER = YES;
				GCC_PREFIX_HEADER = "Spotiqueue/Spotiqueue-Prefix.pch";
				INFOPLIST_FILE = "Spotiqueue/Spotiqueue-Info.plist";
				LD_RUNPATH_SEARCH_PATHS = "@loader_path/../Frameworks";
				MACOSX_DEPLOYMENT_TARGET = 10.6;
				PRODUCT_NAME = "$(TARGET_NAME)";
				PROVISIONING_PROFILE = "";
				WRAPPER_EXTENSION = app;
			};
			name = Release;
		};
/* End XCBuildConfiguration section */

/* Begin XCConfigurationList section */
		DA6A9F10168662BC00A250ED /* Build configuration list for PBXProject "Spotiqueue" */ = {
			isa = XCConfigurationList;
			buildConfigurations = (
				DA6A9F35168662BD00A250ED /* Debug */,
				DA6A9F36168662BD00A250ED /* Release */,
			);
			defaultConfigurationIsVisible = 0;
			defaultConfigurationName = Release;
		};
		DA6A9F37168662BD00A250ED /* Build configuration list for PBXNativeTarget "Spotiqueue" */ = {
			isa = XCConfigurationList;
			buildConfigurations = (
				DA6A9F38168662BD00A250ED /* Debug */,
				DA6A9F39168662BD00A250ED /* Release */,
			);
			defaultConfigurationIsVisible = 0;
			defaultConfigurationName = Release;
		};
/* End XCConfigurationList section */

/* Begin XCVersionGroup section */
		DA6A9F32168662BD00A250ED /* Spotiqueue.xcdatamodeld */ = {
			isa = XCVersionGroup;
			children = (
				DA6A9F33168662BD00A250ED /* Spotiqueue.xcdatamodel */,
			);
			currentVersion = DA6A9F33168662BD00A250ED /* Spotiqueue.xcdatamodel */;
			path = Spotiqueue.xcdatamodeld;
			sourceTree = "<group>";
			versionGroupType = wrapper.xcdatamodel;
		};
/* End XCVersionGroup section */
	};
	rootObject = DA6A9F0D168662BC00A250ED /* Project object */;
}
